
Microsoft Visual Studio Solution File, Format Version 12.00
# Visual Studio 14
VisualStudioVersion = 14.0.24720.0
MinimumVisualStudioVersion = 10.0.40219.1
Project("{FAE04EC0-301F-11D3-BF4B-00C04F79EFBC}") = "01.Numbers", "01.Numbers\01.Numbers.csproj", "{253425BD-720F-48DB-A908-AF7DC14627B3}"
EndProject
Project("{FAE04EC0-301F-11D3-BF4B-00C04F79EFBC}") = "02.SoftUniCoffeeOrders", "02.SoftUniCoffeeOrders\02.SoftUniCoffeeOrders.csproj", "{123339C2-FA41-46C9-9D03-4F107E2AEA01}"
EndProject
Project("{FAE04EC0-301F-11D3-BF4B-00C04F79EFBC}") = "03.FootballStandings", "03.FootballStandings\03.FootballStandings.csproj", "{7B228E2E-C036-4E93-821A-9AD03C2BF386}"
EndProject
Project("{FAE04EC0-301F-11D3-BF4B-00C04F79EFBC}") = "04.TrifonsQuest", "04.TrifonsQuest\04.TrifonsQuest.csproj", "{692A42C2-30B6-44C9-BA29-9945A2925074}"
EndProject
Global
	GlobalSection(SolutionConfigurationPlatforms) = preSolution
		Debug|Any CPU = Debug|Any CPU
		Release|Any CPU = Release|Any CPU
	EndGlobalSection
	GlobalSection(ProjectConfigurationPlatforms) = postSolution
		{253425BD-720F-48DB-A908-AF7DC14627B3}.Debug|Any CPU.ActiveCfg = Debug|Any CPU
		{253425BD-720F-48DB-A908-AF7DC14627B3}.Debug|Any CPU.Build.0 = Debug|Any CPU
		{253425BD-720F-48DB-A908-AF7DC14627B3}.Release|Any CPU.ActiveCfg = Release|Any CPU
		{253425BD-720F-48DB-A908-AF7DC14627B3}.Release|Any CPU.Build.0 = Release|Any CPU
		{123339C2-FA41-46C9-9D03-4F107E2AEA01}.Debug|Any CPU.ActiveCfg = Debug|Any CPU
		{123339C2-FA41-46C9-9D03-4F107E2AEA01}.Debug|Any CPU.Build.0 = Debug|Any CPU
		{123339C2-FA41-46C9-9D03-4F107E2AEA01}.Release|Any CPU.ActiveCfg = Release|Any CPU
		{123339C2-FA41-46C9-9D03-4F107E2AEA01}.Release|Any CPU.Build.0 = Release|Any CPU
		{7B228E2E-C036-4E93-821A-9AD03C2BF386}.Debug|Any CPU.ActiveCfg = Debug|Any CPU
		{7B228E2E-C036-4E93-821A-9AD03C2BF386}.Debug|Any CPU.Build.0 = Debug|Any CPU
		{7B228E2E-C036-4E93-821A-9AD03C2BF386}.Release|Any CPU.ActiveCfg = Release|Any CPU
		{7B228E2E-C036-4E93-821A-9AD03C2BF386}.Release|Any CPU.Build.0 = Release|Any CPU
		{692A42C2-30B6-44C9-BA29-9945A2925074}.Debug|Any CPU.ActiveCfg = Debug|Any CPU
		{692A42C2-30B6-44C9-BA29-9945A2925074}.Debug|Any CPU.Build.0 = Debug|Any CPU
		{692A42C2-30B6-44C9-BA29-9945A2925074}.Release|Any CPU.ActiveCfg = Release|Any CPU
		{692A42C2-30B6-44C9-BA29-9945A2925074}.Release|Any CPU.Build.0 = Release|Any CPU
	EndGlobalSection
	GlobalSection(SolutionProperties) = preSolution
		HideSolutionNode = FALSE
	EndGlobalSection
EndGlobal
